
Microsoft Visual Studio Solution File, Format Version 12.00
# Visual Studio Version 16
VisualStudioVersion = 16.0.32413.511
MinimumVisualStudioVersion = 10.0.40219.1
Project("{FAE04EC0-301F-11D3-BF4B-00C04F79EFBC}") = "VehicleInsuranceManagement", "VehicleInsuranceManagement\VehicleInsuranceManagement.csproj", "{13555951-6F42-4CAE-9BE7-A9CE2B0CBBCC}"
EndProject
Global
	GlobalSection(SolutionConfigurationPlatforms) = preSolution
		Debug|Any CPU = Debug|Any CPU
		Release|Any CPU = Release|Any CPU
	EndGlobalSection
	GlobalSection(ProjectConfigurationPlatforms) = postSolution
		{13555951-6F42-4CAE-9BE7-A9CE2B0CBBCC}.Debug|Any CPU.ActiveCfg = Debug|Any CPU
		{13555951-6F42-4CAE-9BE7-A9CE2B0CBBCC}.Debug|Any CPU.Build.0 = Debug|Any CPU
		{13555951-6F42-4CAE-9BE7-A9CE2B0CBBCC}.Release|Any CPU.ActiveCfg = Release|Any CPU
		{13555951-6F42-4CAE-9BE7-A9CE2B0CBBCC}.Release|Any CPU.Build.0 = Release|Any CPU
	EndGlobalSection
	GlobalSection(SolutionProperties) = preSolution
		HideSolutionNode = FALSE
	EndGlobalSection
	GlobalSection(ExtensibilityGlobals) = postSolution
		SolutionGuid = {D1DCF090-2E0B-47C0-9FA1-DF22855E21F6}
	EndGlobalSection
EndGlobal
